
Microsoft Visual Studio Solution File, Format Version 12.00
Project("{FAE04EC0-301F-11D3-BF4B-00C04F79EFBC}") = "RoslynTester", "RoslynTester\RoslynTester.csproj", "{ADC3BAD7-48C0-412B-8C2A-59662B434DF0}"
EndProject
Project("{FAE04EC0-301F-11D3-BF4B-00C04F79EFBC}") = "Tests", "Tests\Tests.csproj", "{02EAF2FB-F261-499D-8922-E89A472D38F2}"
EndProject
Global
	GlobalSection(SolutionConfigurationPlatforms) = preSolution
		Debug|Any CPU = Debug|Any CPU
		Release|Any CPU = Release|Any CPU
	EndGlobalSection
	GlobalSection(ProjectConfigurationPlatforms) = postSolution
		{ADC3BAD7-48C0-412B-8C2A-59662B434DF0}.Debug|Any CPU.ActiveCfg = Debug|Any CPU
		{ADC3BAD7-48C0-412B-8C2A-59662B434DF0}.Debug|Any CPU.Build.0 = Debug|Any CPU
		{ADC3BAD7-48C0-412B-8C2A-59662B434DF0}.Release|Any CPU.ActiveCfg = Release|Any CPU
		{ADC3BAD7-48C0-412B-8C2A-59662B434DF0}.Release|Any CPU.Build.0 = Release|Any CPU
		{02EAF2FB-F261-499D-8922-E89A472D38F2}.Debug|Any CPU.ActiveCfg = Debug|Any CPU
		{02EAF2FB-F261-499D-8922-E89A472D38F2}.Debug|Any CPU.Build.0 = Debug|Any CPU
		{02EAF2FB-F261-499D-8922-E89A472D38F2}.Release|Any CPU.ActiveCfg = Release|Any CPU
		{02EAF2FB-F261-499D-8922-E89A472D38F2}.Release|Any CPU.Build.0 = Release|Any CPU
	EndGlobalSection
EndGlobal
